
Microsoft Visual Studio Solution File, Format Version 12.00
# Visual Studio 15
VisualStudioVersion = 15.0.26730.16
MinimumVisualStudioVersion = 10.0.40219.1
Project("{FAE04EC0-301F-11D3-BF4B-00C04F79EFBC}") = "ExpenseManger.Api", "ExpenseManger.Api\ExpenseManger.Api.csproj", "{5E8F6326-FEB1-4AB5-B6DD-F68195D1F530}"
EndProject
Global
	GlobalSection(SolutionConfigurationPlatforms) = preSolution
		Debug|Any CPU = Debug|Any CPU
		Release|Any CPU = Release|Any CPU
	EndGlobalSection
	GlobalSection(ProjectConfigurationPlatforms) = postSolution
		{5E8F6326-FEB1-4AB5-B6DD-F68195D1F530}.Debug|Any CPU.ActiveCfg = Debug|Any CPU
		{5E8F6326-FEB1-4AB5-B6DD-F68195D1F530}.Debug|Any CPU.Build.0 = Debug|Any CPU
		{5E8F6326-FEB1-4AB5-B6DD-F68195D1F530}.Release|Any CPU.ActiveCfg = Release|Any CPU
		{5E8F6326-FEB1-4AB5-B6DD-F68195D1F530}.Release|Any CPU.Build.0 = Release|Any CPU
	EndGlobalSection
	GlobalSection(SolutionProperties) = preSolution
		HideSolutionNode = FALSE
	EndGlobalSection
	GlobalSection(ExtensibilityGlobals) = postSolution
		SolutionGuid = {B1F92E39-6328-48F5-84C3-DD3424F3C471}
	EndGlobalSection
EndGlobal
